
Microsoft Visual Studio Solution File, Format Version 12.00
Project("{FAE04EC0-301F-11D3-BF4B-00C04F79EFBC}") = "ConsoleApp49", "ConsoleApp49.csproj", "{E9020FF9-0B91-4A46-816B-1B3EB74E4895}"
EndProject
Global
	GlobalSection(SolutionConfigurationPlatforms) = preSolution
		Debug|Any CPU = Debug|Any CPU
		Release|Any CPU = Release|Any CPU
	EndGlobalSection
	GlobalSection(ProjectConfigurationPlatforms) = postSolution
		{E9020FF9-0B91-4A46-816B-1B3EB74E4895}.Debug|Any CPU.ActiveCfg = Debug|Any CPU
		{E9020FF9-0B91-4A46-816B-1B3EB74E4895}.Debug|Any CPU.Build.0 = Debug|Any CPU
		{E9020FF9-0B91-4A46-816B-1B3EB74E4895}.Release|Any CPU.ActiveCfg = Release|Any CPU
		{E9020FF9-0B91-4A46-816B-1B3EB74E4895}.Release|Any CPU.Build.0 = Release|Any CPU
	EndGlobalSection
EndGlobal
